schema: '2.0'
stages:
  train_model:
    cmd:
    - python train_model.py
    deps:
    - path: train_model.py
      hash: md5
      md5: d556a1a000b52c7e832a3f1255615e83
      size: 2118
    params:
      params.yaml:
        data.clean_file: data/census_clean.csv
        model.metric_file: metrics.json
        n_estimators: 150
    outs:
    - path: metrics.json
      hash: md5
      md5: 76886e111b9d7c1493afc1b72c9a47ce
      size: 92
