schema: '2.0'
stages:
  train_model:
    cmd:
    - python train_model.py
    deps:
    - path: train_model.py
      hash: md5
      md5: 139290b5c62d75d792fa93b04ca16fbd
      size: 2178
    params:
      params.yaml:
        data.clean_file: data/census_clean.csv
        model.metric_file: metrics.json
        n_estimators: 150
    outs:
    - path: metrics.json
      hash: md5
      md5: e7c51126793ab076ebc265fecf2727bf
      size: 91
